
Microsoft Visual Studio Solution File, Format Version 12.00
# Visual Studio Version 16
VisualStudioVersion = 16.0.29424.173
MinimumVisualStudioVersion = 10.0.40219.1
Project("{FAE04EC0-301F-11D3-BF4B-00C04F79EFBC}") = "DevilDaggersShaders", "DevilDaggersShaders\DevilDaggersShaders.csproj", "{3FD9EB28-38F3-44DA-8D65-B9C49C0D8E21}"
EndProject
Project("{FAE04EC0-301F-11D3-BF4B-00C04F79EFBC}") = "DevilDaggersShaders.Wpf", "DevilDaggersShaders.Wpf\DevilDaggersShaders.Wpf.csproj", "{60CA76F1-7F07-416C-8A32-6E3422BFC317}"
EndProject
Global
	GlobalSection(SolutionConfigurationPlatforms) = preSolution
		Debug|Any CPU = Debug|Any CPU
		Release|Any CPU = Release|Any CPU
	EndGlobalSection
	GlobalSection(ProjectConfigurationPlatforms) = postSolution
		{3FD9EB28-38F3-44DA-8D65-B9C49C0D8E21}.Debug|Any CPU.ActiveCfg = Debug|Any CPU
		{3FD9EB28-38F3-44DA-8D65-B9C49C0D8E21}.Debug|Any CPU.Build.0 = Debug|Any CPU
		{3FD9EB28-38F3-44DA-8D65-B9C49C0D8E21}.Release|Any CPU.ActiveCfg = Release|Any CPU
		{3FD9EB28-38F3-44DA-8D65-B9C49C0D8E21}.Release|Any CPU.Build.0 = Release|Any CPU
		{60CA76F1-7F07-416C-8A32-6E3422BFC317}.Debug|Any CPU.ActiveCfg = Debug|Any CPU
		{60CA76F1-7F07-416C-8A32-6E3422BFC317}.Debug|Any CPU.Build.0 = Debug|Any CPU
		{60CA76F1-7F07-416C-8A32-6E3422BFC317}.Release|Any CPU.ActiveCfg = Release|Any CPU
		{60CA76F1-7F07-416C-8A32-6E3422BFC317}.Release|Any CPU.Build.0 = Release|Any CPU
	EndGlobalSection
	GlobalSection(SolutionProperties) = preSolution
		HideSolutionNode = FALSE
	EndGlobalSection
	GlobalSection(ExtensibilityGlobals) = postSolution
		SolutionGuid = {1211C00F-C6A9-45DF-B845-FF575C3608D1}
	EndGlobalSection
EndGlobal
