
Microsoft Visual Studio Solution File, Format Version 12.00
# Visual Studio Version 16
VisualStudioVersion = 16.0.29424.173
MinimumVisualStudioVersion = 10.0.40219.1
Project("{2150E333-8FDC-42A3-9474-1A3956D46DE8}") = "Optimized", "Optimized", "{EEB6AC0A-25AB-4AFE-A168-7EEDBEC6F307}"
EndProject
Project("{2150E333-8FDC-42A3-9474-1A3956D46DE8}") = "core", "core", "{65ABC0E6-26A2-4776-BBB3-3099799A91AB}"
	ProjectSection(SolutionItems) = preProject
		Optimized\core\gui_fragment.glsl = Optimized\core\gui_fragment.glsl
		Optimized\core\gui_vertex.glsl = Optimized\core\gui_vertex.glsl
		Optimized\core\guifont_fragment.glsl = Optimized\core\guifont_fragment.glsl
		Optimized\core\guifont_vertex.glsl = Optimized\core\guifont_vertex.glsl
		Optimized\core\test_fragment.glsl = Optimized\core\test_fragment.glsl
		Optimized\core\test_vertex.glsl = Optimized\core\test_vertex.glsl
	EndProjectSection
EndProject
Project("{2150E333-8FDC-42A3-9474-1A3956D46DE8}") = "dd", "dd", "{25932C34-64CF-47F6-83F8-FB315E8A48B2}"
	ProjectSection(SolutionItems) = preProject
		Optimized\dd\boid_fragment.glsl = Optimized\dd\boid_fragment.glsl
		Optimized\dd\boid_pop_fragment.glsl = Optimized\dd\boid_pop_fragment.glsl
		Optimized\dd\boid_pop_vertex.glsl = Optimized\dd\boid_pop_vertex.glsl
		Optimized\dd\boid_vertex.glsl = Optimized\dd\boid_vertex.glsl
		Optimized\dd\debug_fragment.glsl = Optimized\dd\debug_fragment.glsl
		Optimized\dd\debug_vertex.glsl = Optimized\dd\debug_vertex.glsl
		Optimized\dd\default_texture_fragment.glsl = Optimized\dd\default_texture_fragment.glsl
		Optimized\dd\default_texture_vertex.glsl = Optimized\dd\default_texture_vertex.glsl
		Optimized\dd\depth_fragment.glsl = Optimized\dd\depth_fragment.glsl
		Optimized\dd\depth_vertex.glsl = Optimized\dd\depth_vertex.glsl
		Optimized\dd\egg_fragment.glsl = Optimized\dd\egg_fragment.glsl
		Optimized\dd\egg_vertex.glsl = Optimized\dd\egg_vertex.glsl
		Optimized\dd\gib_fragment.glsl = Optimized\dd\gib_fragment.glsl
		Optimized\dd\gib_vertex.glsl = Optimized\dd\gib_vertex.glsl
		Optimized\dd\hand_fragment.glsl = Optimized\dd\hand_fragment.glsl
		Optimized\dd\hand_vertex.glsl = Optimized\dd\hand_vertex.glsl
		Optimized\dd\light_fragment.glsl = Optimized\dd\light_fragment.glsl
		Optimized\dd\light_ring_fragment.glsl = Optimized\dd\light_ring_fragment.glsl
		Optimized\dd\light_ring_vertex.glsl = Optimized\dd\light_ring_vertex.glsl
		Optimized\dd\light_vertex.glsl = Optimized\dd\light_vertex.glsl
		Optimized\dd\owlwing_fragment.glsl = Optimized\dd\owlwing_fragment.glsl
		Optimized\dd\owlwing_vertex.glsl = Optimized\dd\owlwing_vertex.glsl
		Optimized\dd\particle2_fragment.glsl = Optimized\dd\particle2_fragment.glsl
		Optimized\dd\particle2_vertex.glsl = Optimized\dd\particle2_vertex.glsl
		Optimized\dd\particle_decal_fragment.glsl = Optimized\dd\particle_decal_fragment.glsl
		Optimized\dd\particle_decal_vertex.glsl = Optimized\dd\particle_decal_vertex.glsl
		Optimized\dd\particle_fragment.glsl = Optimized\dd\particle_fragment.glsl
		Optimized\dd\particle_vertex.glsl = Optimized\dd\particle_vertex.glsl
		Optimized\dd\post_combine_fragment.glsl = Optimized\dd\post_combine_fragment.glsl
		Optimized\dd\post_combine_vertex.glsl = Optimized\dd\post_combine_vertex.glsl
		Optimized\dd\post_final_fragment.glsl = Optimized\dd\post_final_fragment.glsl
		Optimized\dd\post_final_vertex.glsl = Optimized\dd\post_final_vertex.glsl
		Optimized\dd\post_fragment.glsl = Optimized\dd\post_fragment.glsl
		Optimized\dd\post_title_fragment.glsl = Optimized\dd\post_title_fragment.glsl
		Optimized\dd\post_title_vertex.glsl = Optimized\dd\post_title_vertex.glsl
		Optimized\dd\post_vertex.glsl = Optimized\dd\post_vertex.glsl
		Optimized\dd\shadow_fragment.glsl = Optimized\dd\shadow_fragment.glsl
		Optimized\dd\shadow_vertex.glsl = Optimized\dd\shadow_vertex.glsl
		Optimized\dd\sorath_fragment.glsl = Optimized\dd\sorath_fragment.glsl
		Optimized\dd\sorath_vertex.glsl = Optimized\dd\sorath_vertex.glsl
		Optimized\dd\sprite_debug_fragment.glsl = Optimized\dd\sprite_debug_fragment.glsl
		Optimized\dd\sprite_debug_vertex.glsl = Optimized\dd\sprite_debug_vertex.glsl
		Optimized\dd\sprite_fragment.glsl = Optimized\dd\sprite_fragment.glsl
		Optimized\dd\sprite_terrain_fragment.glsl = Optimized\dd\sprite_terrain_fragment.glsl
		Optimized\dd\sprite_terrain_vertex.glsl = Optimized\dd\sprite_terrain_vertex.glsl
		Optimized\dd\sprite_vertex.glsl = Optimized\dd\sprite_vertex.glsl
		Optimized\dd\squidarm_fragment.glsl = Optimized\dd\squidarm_fragment.glsl
		Optimized\dd\squidarm_vertex.glsl = Optimized\dd\squidarm_vertex.glsl
		Optimized\dd\thorn_fragment.glsl = Optimized\dd\thorn_fragment.glsl
		Optimized\dd\thorn_vertex.glsl = Optimized\dd\thorn_vertex.glsl
		Optimized\dd\tile2_fragment.glsl = Optimized\dd\tile2_fragment.glsl
		Optimized\dd\tile2_vertex.glsl = Optimized\dd\tile2_vertex.glsl
		Optimized\dd\tile_fragment.glsl = Optimized\dd\tile_fragment.glsl
		Optimized\dd\tile_vertex.glsl = Optimized\dd\tile_vertex.glsl
		Optimized\dd\unlit_fragment.glsl = Optimized\dd\unlit_fragment.glsl
		Optimized\dd\unlit_vertex.glsl = Optimized\dd\unlit_vertex.glsl
		Optimized\dd\warp2_fragment.glsl = Optimized\dd\warp2_fragment.glsl
		Optimized\dd\warp2_vertex.glsl = Optimized\dd\warp2_vertex.glsl
		Optimized\dd\warp3_fragment.glsl = Optimized\dd\warp3_fragment.glsl
		Optimized\dd\warp3_vertex.glsl = Optimized\dd\warp3_vertex.glsl
		Optimized\dd\warp_fragment.glsl = Optimized\dd\warp_fragment.glsl
		Optimized\dd\warp_vertex.glsl = Optimized\dd\warp_vertex.glsl
		Optimized\dd\warpeye_fragment.glsl = Optimized\dd\warpeye_fragment.glsl
		Optimized\dd\warpeye_vertex.glsl = Optimized\dd\warpeye_vertex.glsl
	EndProjectSection
EndProject
Project("{2150E333-8FDC-42A3-9474-1A3956D46DE8}") = "Original", "Original", "{0EAF5954-4DFA-4088-8394-49EAF9A4A4E6}"
EndProject
Project("{2150E333-8FDC-42A3-9474-1A3956D46DE8}") = "core", "core", "{0474B26F-EEEE-4D6A-8C25-B42D6C5F97D8}"
	ProjectSection(SolutionItems) = preProject
		Original\core\gui_fragment.glsl = Original\core\gui_fragment.glsl
		Original\core\gui_vertex.glsl = Original\core\gui_vertex.glsl
		Original\core\guifont_fragment.glsl = Original\core\guifont_fragment.glsl
		Original\core\guifont_vertex.glsl = Original\core\guifont_vertex.glsl
		Original\core\test_fragment.glsl = Original\core\test_fragment.glsl
		Original\core\test_vertex.glsl = Original\core\test_vertex.glsl
	EndProjectSection
EndProject
Project("{2150E333-8FDC-42A3-9474-1A3956D46DE8}") = "dd", "dd", "{FD9DFEFC-6800-4A4C-AB5A-C4DF5EB89409}"
	ProjectSection(SolutionItems) = preProject
		Original\dd\boid_fragment.glsl = Original\dd\boid_fragment.glsl
		Original\dd\boid_pop_fragment.glsl = Original\dd\boid_pop_fragment.glsl
		Original\dd\boid_pop_vertex.glsl = Original\dd\boid_pop_vertex.glsl
		Original\dd\boid_vertex.glsl = Original\dd\boid_vertex.glsl
		Original\dd\debug_fragment.glsl = Original\dd\debug_fragment.glsl
		Original\dd\debug_vertex.glsl = Original\dd\debug_vertex.glsl
		Original\dd\default_texture_fragment.glsl = Original\dd\default_texture_fragment.glsl
		Original\dd\default_texture_vertex.glsl = Original\dd\default_texture_vertex.glsl
		Original\dd\depth_fragment.glsl = Original\dd\depth_fragment.glsl
		Original\dd\depth_vertex.glsl = Original\dd\depth_vertex.glsl
		Original\dd\egg_fragment.glsl = Original\dd\egg_fragment.glsl
		Original\dd\egg_vertex.glsl = Original\dd\egg_vertex.glsl
		Original\dd\gib_fragment.glsl = Original\dd\gib_fragment.glsl
		Original\dd\gib_vertex.glsl = Original\dd\gib_vertex.glsl
		Original\dd\hand_fragment.glsl = Original\dd\hand_fragment.glsl
		Original\dd\hand_vertex.glsl = Original\dd\hand_vertex.glsl
		Original\dd\light_fragment.glsl = Original\dd\light_fragment.glsl
		Original\dd\light_ring_fragment.glsl = Original\dd\light_ring_fragment.glsl
		Original\dd\light_ring_vertex.glsl = Original\dd\light_ring_vertex.glsl
		Original\dd\light_vertex.glsl = Original\dd\light_vertex.glsl
		Original\dd\owlwing_fragment.glsl = Original\dd\owlwing_fragment.glsl
		Original\dd\owlwing_vertex.glsl = Original\dd\owlwing_vertex.glsl
		Original\dd\particle2_fragment.glsl = Original\dd\particle2_fragment.glsl
		Original\dd\particle2_vertex.glsl = Original\dd\particle2_vertex.glsl
		Original\dd\particle_decal_fragment.glsl = Original\dd\particle_decal_fragment.glsl
		Original\dd\particle_decal_vertex.glsl = Original\dd\particle_decal_vertex.glsl
		Original\dd\particle_fragment.glsl = Original\dd\particle_fragment.glsl
		Original\dd\particle_vertex.glsl = Original\dd\particle_vertex.glsl
		Original\dd\post_combine_fragment.glsl = Original\dd\post_combine_fragment.glsl
		Original\dd\post_combine_vertex.glsl = Original\dd\post_combine_vertex.glsl
		Original\dd\post_final_fragment.glsl = Original\dd\post_final_fragment.glsl
		Original\dd\post_final_vertex.glsl = Original\dd\post_final_vertex.glsl
		Original\dd\post_fragment.glsl = Original\dd\post_fragment.glsl
		Original\dd\post_title_fragment.glsl = Original\dd\post_title_fragment.glsl
		Original\dd\post_title_vertex.glsl = Original\dd\post_title_vertex.glsl
		Original\dd\post_vertex.glsl = Original\dd\post_vertex.glsl
		Original\dd\shadow_fragment.glsl = Original\dd\shadow_fragment.glsl
		Original\dd\shadow_vertex.glsl = Original\dd\shadow_vertex.glsl
		Original\dd\sorath_fragment.glsl = Original\dd\sorath_fragment.glsl
		Original\dd\sorath_vertex.glsl = Original\dd\sorath_vertex.glsl
		Original\dd\sprite_debug_fragment.glsl = Original\dd\sprite_debug_fragment.glsl
		Original\dd\sprite_debug_vertex.glsl = Original\dd\sprite_debug_vertex.glsl
		Original\dd\sprite_fragment.glsl = Original\dd\sprite_fragment.glsl
		Original\dd\sprite_terrain_fragment.glsl = Original\dd\sprite_terrain_fragment.glsl
		Original\dd\sprite_terrain_vertex.glsl = Original\dd\sprite_terrain_vertex.glsl
		Original\dd\sprite_vertex.glsl = Original\dd\sprite_vertex.glsl
		Original\dd\squidarm_fragment.glsl = Original\dd\squidarm_fragment.glsl
		Original\dd\squidarm_vertex.glsl = Original\dd\squidarm_vertex.glsl
		Original\dd\thorn_fragment.glsl = Original\dd\thorn_fragment.glsl
		Original\dd\thorn_vertex.glsl = Original\dd\thorn_vertex.glsl
		Original\dd\tile2_fragment.glsl = Original\dd\tile2_fragment.glsl
		Original\dd\tile2_vertex.glsl = Original\dd\tile2_vertex.glsl
		Original\dd\tile_fragment.glsl = Original\dd\tile_fragment.glsl
		Original\dd\tile_vertex.glsl = Original\dd\tile_vertex.glsl
		Original\dd\unlit_fragment.glsl = Original\dd\unlit_fragment.glsl
		Original\dd\unlit_vertex.glsl = Original\dd\unlit_vertex.glsl
		Original\dd\warp2_fragment.glsl = Original\dd\warp2_fragment.glsl
		Original\dd\warp2_vertex.glsl = Original\dd\warp2_vertex.glsl
		Original\dd\warp3_fragment.glsl = Original\dd\warp3_fragment.glsl
		Original\dd\warp3_vertex.glsl = Original\dd\warp3_vertex.glsl
		Original\dd\warp_fragment.glsl = Original\dd\warp_fragment.glsl
		Original\dd\warp_vertex.glsl = Original\dd\warp_vertex.glsl
		Original\dd\warpeye_fragment.glsl = Original\dd\warpeye_fragment.glsl
		Original\dd\warpeye_vertex.glsl = Original\dd\warpeye_vertex.glsl
	EndProjectSection
EndProject
Global
	GlobalSection(SolutionProperties) = preSolution
		HideSolutionNode = FALSE
	EndGlobalSection
	GlobalSection(NestedProjects) = preSolution
		{65ABC0E6-26A2-4776-BBB3-3099799A91AB} = {EEB6AC0A-25AB-4AFE-A168-7EEDBEC6F307}
		{25932C34-64CF-47F6-83F8-FB315E8A48B2} = {EEB6AC0A-25AB-4AFE-A168-7EEDBEC6F307}
		{0474B26F-EEEE-4D6A-8C25-B42D6C5F97D8} = {0EAF5954-4DFA-4088-8394-49EAF9A4A4E6}
		{FD9DFEFC-6800-4A4C-AB5A-C4DF5EB89409} = {0EAF5954-4DFA-4088-8394-49EAF9A4A4E6}
	EndGlobalSection
	GlobalSection(ExtensibilityGlobals) = postSolution
		SolutionGuid = {1211C00F-C6A9-45DF-B845-FF575C3608D1}
	EndGlobalSection
EndGlobal
